
Microsoft Visual Studio Solution File, Format Version 12.00
# Visual Studio Version 16
VisualStudioVersion = 16.0.28922.388
MinimumVisualStudioVersion = 10.0.40219.1
Project("{FAE04EC0-301F-11D3-BF4B-00C04F79EFBC}") = "GameOfLive", "GameOfLive\GameOfLive.csproj", "{5165C627-9F40-4A19-89E6-EFE137C1A3C8}"
EndProject
Global
	GlobalSection(SolutionConfigurationPlatforms) = preSolution
		Debug|Any CPU = Debug|Any CPU
		Release|Any CPU = Release|Any CPU
	EndGlobalSection
	GlobalSection(ProjectConfigurationPlatforms) = postSolution
		{5165C627-9F40-4A19-89E6-EFE137C1A3C8}.Debug|Any CPU.ActiveCfg = Debug|Any CPU
		{5165C627-9F40-4A19-89E6-EFE137C1A3C8}.Debug|Any CPU.Build.0 = Debug|Any CPU
		{5165C627-9F40-4A19-89E6-EFE137C1A3C8}.Release|Any CPU.ActiveCfg = Release|Any CPU
		{5165C627-9F40-4A19-89E6-EFE137C1A3C8}.Release|Any CPU.Build.0 = Release|Any CPU
	EndGlobalSection
	GlobalSection(SolutionProperties) = preSolution
		HideSolutionNode = FALSE
	EndGlobalSection
	GlobalSection(ExtensibilityGlobals) = postSolution
		SolutionGuid = {8A4B8F7E-C2E3-4BA0-8DCD-14C262CBD1F6}
	EndGlobalSection
EndGlobal
