
Microsoft Visual Studio Solution File, Format Version 12.00
# Visual Studio Version 16
VisualStudioVersion = 16.0.28922.388
MinimumVisualStudioVersion = 10.0.40219.1
Project("{FAE04EC0-301F-11D3-BF4B-00C04F79EFBC}") = "DilemaPrisionero", "DilemaPrisionero\DilemaPrisionero.csproj", "{8DA2F8FD-5F45-4392-BC9B-D4E7935E8BDA}"
EndProject
Global
	GlobalSection(SolutionConfigurationPlatforms) = preSolution
		Debug|Any CPU = Debug|Any CPU
		Release|Any CPU = Release|Any CPU
	EndGlobalSection
	GlobalSection(ProjectConfigurationPlatforms) = postSolution
		{8DA2F8FD-5F45-4392-BC9B-D4E7935E8BDA}.Debug|Any CPU.ActiveCfg = Debug|Any CPU
		{8DA2F8FD-5F45-4392-BC9B-D4E7935E8BDA}.Debug|Any CPU.Build.0 = Debug|Any CPU
		{8DA2F8FD-5F45-4392-BC9B-D4E7935E8BDA}.Release|Any CPU.ActiveCfg = Release|Any CPU
		{8DA2F8FD-5F45-4392-BC9B-D4E7935E8BDA}.Release|Any CPU.Build.0 = Release|Any CPU
	EndGlobalSection
	GlobalSection(SolutionProperties) = preSolution
		HideSolutionNode = FALSE
	EndGlobalSection
	GlobalSection(ExtensibilityGlobals) = postSolution
		SolutionGuid = {C9A9B999-6DD7-4D6D-A75F-7588BA984999}
	EndGlobalSection
EndGlobal
